
Microsoft Visual Studio Solution File, Format Version 12.00
# Visual Studio Version 17
VisualStudioVersion = 17.8.34322.80
MinimumVisualStudioVersion = 10.0.40219.1
Project("{9A19103F-16F7-4668-BE54-9A1E7A4F7556}") = "Shelfie", "src\Shelfie\Shelfie.csproj", "{14D18C36-129F-41C9-9575-D26FD96335CC}"
EndProject
Project("{9A19103F-16F7-4668-BE54-9A1E7A4F7556}") = "Shelfie.IntegrationTests", "tests\Shelfie.IntegrationTests\Shelfie.IntegrationTests.csproj", "{1455C653-36F8-4140-BEC5-EC40387F6054}"
EndProject
Project("{9A19103F-16F7-4668-BE54-9A1E7A4F7556}") = "Shelfie.Core", "src\Shelfie.Core\Shelfie.Core.csproj", "{8EE63108-5E89-4AD7-8C84-C1354CAC2686}"
EndProject
Project("{9A19103F-16F7-4668-BE54-9A1E7A4F7556}") = "Shelfie.Infrastructure", "src\Shelfie.Infrastructure\Shelfie.Infrastructure.csproj", "{98364B42-B567-47DC-B660-5D648AE4EB71}"
EndProject
Project("{2150E333-8FDC-42A3-9474-1A3956D46DE8}") = "Solution Items", "Solution Items", "{A500BD1E-CC0D-4D67-9912-13D5545E09F1}"
	ProjectSection(SolutionItems) = preProject
		.editorconfig = .editorconfig
		.gitattributes = .gitattributes
		.gitignore = .gitignore
	EndProjectSection
EndProject
Global
	GlobalSection(SolutionConfigurationPlatforms) = preSolution
		Debug|Any CPU = Debug|Any CPU
		Release|Any CPU = Release|Any CPU
	EndGlobalSection
	GlobalSection(ProjectConfigurationPlatforms) = postSolution
		{14D18C36-129F-41C9-9575-D26FD96335CC}.Debug|Any CPU.ActiveCfg = Debug|Any CPU
		{14D18C36-129F-41C9-9575-D26FD96335CC}.Debug|Any CPU.Build.0 = Debug|Any CPU
		{14D18C36-129F-41C9-9575-D26FD96335CC}.Release|Any CPU.ActiveCfg = Release|Any CPU
		{14D18C36-129F-41C9-9575-D26FD96335CC}.Release|Any CPU.Build.0 = Release|Any CPU
		{1455C653-36F8-4140-BEC5-EC40387F6054}.Debug|Any CPU.ActiveCfg = Debug|Any CPU
		{1455C653-36F8-4140-BEC5-EC40387F6054}.Debug|Any CPU.Build.0 = Debug|Any CPU
		{1455C653-36F8-4140-BEC5-EC40387F6054}.Release|Any CPU.ActiveCfg = Release|Any CPU
		{1455C653-36F8-4140-BEC5-EC40387F6054}.Release|Any CPU.Build.0 = Release|Any CPU
		{8EE63108-5E89-4AD7-8C84-C1354CAC2686}.Debug|Any CPU.ActiveCfg = Debug|Any CPU
		{8EE63108-5E89-4AD7-8C84-C1354CAC2686}.Debug|Any CPU.Build.0 = Debug|Any CPU
		{8EE63108-5E89-4AD7-8C84-C1354CAC2686}.Release|Any CPU.ActiveCfg = Release|Any CPU
		{8EE63108-5E89-4AD7-8C84-C1354CAC2686}.Release|Any CPU.Build.0 = Release|Any CPU
		{98364B42-B567-47DC-B660-5D648AE4EB71}.Debug|Any CPU.ActiveCfg = Debug|Any CPU
		{98364B42-B567-47DC-B660-5D648AE4EB71}.Debug|Any CPU.Build.0 = Debug|Any CPU
		{98364B42-B567-47DC-B660-5D648AE4EB71}.Release|Any CPU.ActiveCfg = Release|Any CPU
		{98364B42-B567-47DC-B660-5D648AE4EB71}.Release|Any CPU.Build.0 = Release|Any CPU
	EndGlobalSection
	GlobalSection(SolutionProperties) = preSolution
		HideSolutionNode = FALSE
	EndGlobalSection
	GlobalSection(ExtensibilityGlobals) = postSolution
		SolutionGuid = {BDEA899D-9BF9-4756-ACB0-49AF5D242065}
	EndGlobalSection
EndGlobal
